
Microsoft Visual Studio Solution File, Format Version 12.00
# Visual Studio Version 17
VisualStudioVersion = 17.1.32407.343
MinimumVisualStudioVersion = 10.0.40219.1
Project("{FAE04EC0-301F-11D3-BF4B-00C04F79EFBC}") = "CV19", "CV19\CV19.csproj", "{039D267D-1F18-41CE-9A1D-CAF4DAA73D5B}"
EndProject
Global
	GlobalSection(SolutionConfigurationPlatforms) = preSolution
		Debug|Any CPU = Debug|Any CPU
		Release|Any CPU = Release|Any CPU
	EndGlobalSection
	GlobalSection(ProjectConfigurationPlatforms) = postSolution
		{039D267D-1F18-41CE-9A1D-CAF4DAA73D5B}.Debug|Any CPU.ActiveCfg = Debug|Any CPU
		{039D267D-1F18-41CE-9A1D-CAF4DAA73D5B}.Debug|Any CPU.Build.0 = Debug|Any CPU
		{039D267D-1F18-41CE-9A1D-CAF4DAA73D5B}.Release|Any CPU.ActiveCfg = Release|Any CPU
		{039D267D-1F18-41CE-9A1D-CAF4DAA73D5B}.Release|Any CPU.Build.0 = Release|Any CPU
	EndGlobalSection
	GlobalSection(SolutionProperties) = preSolution
		HideSolutionNode = FALSE
	EndGlobalSection
	GlobalSection(ExtensibilityGlobals) = postSolution
		SolutionGuid = {03861AB1-F79F-4D91-A953-F294E05E7E74}
	EndGlobalSection
EndGlobal
